
Microsoft Visual Studio Solution File, Format Version 12.00
# Visual Studio Version 16
VisualStudioVersion = 16.0.32901.82
MinimumVisualStudioVersion = 10.0.40219.1
Project("{FAE04EC0-301F-11D3-BF4B-00C04F79EFBC}") = "WpfApp61", "WpfApp61.csproj", "{0004B9D4-B686-4201-B5D6-A40DCDC4CA67}"
EndProject
Global
	GlobalSection(SolutionConfigurationPlatforms) = preSolution
		Debug|Any CPU = Debug|Any CPU
		Release|Any CPU = Release|Any CPU
	EndGlobalSection
	GlobalSection(ProjectConfigurationPlatforms) = postSolution
		{0004B9D4-B686-4201-B5D6-A40DCDC4CA67}.Debug|Any CPU.ActiveCfg = Debug|Any CPU
		{0004B9D4-B686-4201-B5D6-A40DCDC4CA67}.Debug|Any CPU.Build.0 = Debug|Any CPU
		{0004B9D4-B686-4201-B5D6-A40DCDC4CA67}.Release|Any CPU.ActiveCfg = Release|Any CPU
		{0004B9D4-B686-4201-B5D6-A40DCDC4CA67}.Release|Any CPU.Build.0 = Release|Any CPU
	EndGlobalSection
	GlobalSection(SolutionProperties) = preSolution
		HideSolutionNode = FALSE
	EndGlobalSection
	GlobalSection(ExtensibilityGlobals) = postSolution
		SolutionGuid = {084EDB92-26A1-49ED-801E-A107C5701CAA}
	EndGlobalSection
EndGlobal
